
Microsoft Visual Studio Solution File, Format Version 12.00
# Visual Studio Version 17
VisualStudioVersion = 17.5.33530.505
MinimumVisualStudioVersion = 10.0.40219.1
Project("{FAE04EC0-301F-11D3-BF4B-00C04F79EFBC}") = "cryptographer", "cryptographer\cryptographer.csproj", "{0FCD7786-9329-434F-B587-D43C246AD680}"
EndProject
Global
	GlobalSection(SolutionConfigurationPlatforms) = preSolution
		Debug|Any CPU = Debug|Any CPU
		Release|Any CPU = Release|Any CPU
	EndGlobalSection
	GlobalSection(ProjectConfigurationPlatforms) = postSolution
		{0FCD7786-9329-434F-B587-D43C246AD680}.Debug|Any CPU.ActiveCfg = Debug|Any CPU
		{0FCD7786-9329-434F-B587-D43C246AD680}.Debug|Any CPU.Build.0 = Debug|Any CPU
		{0FCD7786-9329-434F-B587-D43C246AD680}.Release|Any CPU.ActiveCfg = Release|Any CPU
		{0FCD7786-9329-434F-B587-D43C246AD680}.Release|Any CPU.Build.0 = Release|Any CPU
	EndGlobalSection
	GlobalSection(SolutionProperties) = preSolution
		HideSolutionNode = FALSE
	EndGlobalSection
	GlobalSection(ExtensibilityGlobals) = postSolution
		SolutionGuid = {A8D77357-0BD8-4592-9D76-A136C1F81E92}
	EndGlobalSection
EndGlobal
